
Microsoft Visual Studio Solution File, Format Version 12.00
# Visual Studio Version 17
VisualStudioVersion = 17.1.32228.430
MinimumVisualStudioVersion = 10.0.40219.1
Project("{FAE04EC0-301F-11D3-BF4B-00C04F79EFBC}") = "ReframedApp", "ReframedApp\ReframedApp.csproj", "{B4F87F67-24E2-4BAA-98D5-BF984901603E}"
EndProject
Global
	GlobalSection(SolutionConfigurationPlatforms) = preSolution
		Debug|Any CPU = Debug|Any CPU
		Release|Any CPU = Release|Any CPU
	EndGlobalSection
	GlobalSection(ProjectConfigurationPlatforms) = postSolution
		{B4F87F67-24E2-4BAA-98D5-BF984901603E}.Debug|Any CPU.ActiveCfg = Debug|Any CPU
		{B4F87F67-24E2-4BAA-98D5-BF984901603E}.Debug|Any CPU.Build.0 = Debug|Any CPU
		{B4F87F67-24E2-4BAA-98D5-BF984901603E}.Release|Any CPU.ActiveCfg = Release|Any CPU
		{B4F87F67-24E2-4BAA-98D5-BF984901603E}.Release|Any CPU.Build.0 = Release|Any CPU
	EndGlobalSection
	GlobalSection(SolutionProperties) = preSolution
		HideSolutionNode = FALSE
	EndGlobalSection
	GlobalSection(ExtensibilityGlobals) = postSolution
		SolutionGuid = {96C8AF04-9986-4F7A-ADEB-2CCC1DE31317}
	EndGlobalSection
EndGlobal
